
Microsoft Visual Studio Solution File, Format Version 12.00
# Visual Studio Version 16
VisualStudioVersion = 16.0.31424.327
MinimumVisualStudioVersion = 10.0.40219.1
Project("{2150E333-8FDC-42A3-9474-1A3956D46DE8}") = "XCommunicate.BL", "XCommunicate.BL", "{A7B9B927-82BE-4E31-AECC-85E1BC1BD186}"
EndProject
Project("{2150E333-8FDC-42A3-9474-1A3956D46DE8}") = "XCommunicate.DAL", "XCommunicate.DAL", "{8ED12BFC-0171-4620-9B8E-F1146722AF4C}"
EndProject
Project("{2150E333-8FDC-42A3-9474-1A3956D46DE8}") = "XCommunicate.PL", "XCommunicate.PL", "{B01DBF5B-474D-4CA0-ABC9-B14C860FC206}"
EndProject
Project("{FAE04EC0-301F-11D3-BF4B-00C04F79EFBC}") = "WebApp", "XCommunicate.PL\WebApp\WebApp.csproj", "{6EB7409D-6C8A-4FD6-B233-FF7E82762C06}"
EndProject
Project("{FAE04EC0-301F-11D3-BF4B-00C04F79EFBC}") = "ViewModels", "XCommunicate.PL\ViewModels\ViewModels.csproj", "{E8D0C037-467F-4D11-808C-BBDC02425307}"
EndProject
Project("{2150E333-8FDC-42A3-9474-1A3956D46DE8}") = "XCommunicate.Tests", "XCommunicate.Tests", "{1358CA34-86B7-4A91-B406-4DC56BBF8C39}"
EndProject
Project("{2150E333-8FDC-42A3-9474-1A3956D46DE8}") = "DAL Tests", "DAL Tests", "{86C6B8CE-1A4D-4161-90C3-7479DE4C7B40}"
EndProject
Project("{2150E333-8FDC-42A3-9474-1A3956D46DE8}") = "BL Tests", "BL Tests", "{372DCBD3-F326-4F2A-989A-D3ECC160755E}"
EndProject
Project("{2150E333-8FDC-42A3-9474-1A3956D46DE8}") = "PL Tests", "PL Tests", "{4691FEE7-8D9E-466A-B08A-A47DAC36D958}"
EndProject
Project("{FAE04EC0-301F-11D3-BF4B-00C04F79EFBC}") = "Mappings", "XCommunicate.BL\Mappings\Mappings.csproj", "{312985E2-70CD-43E5-A25D-3F7C4F73849F}"
EndProject
Project("{FAE04EC0-301F-11D3-BF4B-00C04F79EFBC}") = "Services", "XCommunicate.BL\Services\Services.csproj", "{96FDFCF6-CF89-41A3-8720-064F8D193F80}"
EndProject
Project("{FAE04EC0-301F-11D3-BF4B-00C04F79EFBC}") = "DataProvider", "XCommunicate.DAL\DataProvider\DataProvider.csproj", "{950009D1-1740-4C92-9FDA-0894026BE034}"
EndProject
Project("{FAE04EC0-301F-11D3-BF4B-00C04F79EFBC}") = "Models", "XCommunicate.DAL\Models\Models.csproj", "{08B7FEA1-7F66-425D-B82D-11CDDD00F856}"
EndProject
Project("{FAE04EC0-301F-11D3-BF4B-00C04F79EFBC}") = "Repositories", "XCommunicate.DAL\Repositories\Repositories.csproj", "{6B9679A5-EECD-4A8B-A40D-3B0A78F077ED}"
EndProject
Project("{FAE04EC0-301F-11D3-BF4B-00C04F79EFBC}") = "DBInitializer", "XCommunicate.DAL\DBInitializer\DBInitializer.csproj", "{931CA9CF-7C43-47DC-A1B6-F0305FB44A24}"
EndProject
Global
	GlobalSection(SolutionConfigurationPlatforms) = preSolution
		Debug|Any CPU = Debug|Any CPU
		Release|Any CPU = Release|Any CPU
	EndGlobalSection
	GlobalSection(ProjectConfigurationPlatforms) = postSolution
		{6EB7409D-6C8A-4FD6-B233-FF7E82762C06}.Debug|Any CPU.ActiveCfg = Debug|Any CPU
		{6EB7409D-6C8A-4FD6-B233-FF7E82762C06}.Debug|Any CPU.Build.0 = Debug|Any CPU
		{6EB7409D-6C8A-4FD6-B233-FF7E82762C06}.Release|Any CPU.ActiveCfg = Release|Any CPU
		{6EB7409D-6C8A-4FD6-B233-FF7E82762C06}.Release|Any CPU.Build.0 = Release|Any CPU
		{E8D0C037-467F-4D11-808C-BBDC02425307}.Debug|Any CPU.ActiveCfg = Debug|Any CPU
		{E8D0C037-467F-4D11-808C-BBDC02425307}.Debug|Any CPU.Build.0 = Debug|Any CPU
		{E8D0C037-467F-4D11-808C-BBDC02425307}.Release|Any CPU.ActiveCfg = Release|Any CPU
		{E8D0C037-467F-4D11-808C-BBDC02425307}.Release|Any CPU.Build.0 = Release|Any CPU
		{312985E2-70CD-43E5-A25D-3F7C4F73849F}.Debug|Any CPU.ActiveCfg = Debug|Any CPU
		{312985E2-70CD-43E5-A25D-3F7C4F73849F}.Debug|Any CPU.Build.0 = Debug|Any CPU
		{312985E2-70CD-43E5-A25D-3F7C4F73849F}.Release|Any CPU.ActiveCfg = Release|Any CPU
		{312985E2-70CD-43E5-A25D-3F7C4F73849F}.Release|Any CPU.Build.0 = Release|Any CPU
		{96FDFCF6-CF89-41A3-8720-064F8D193F80}.Debug|Any CPU.ActiveCfg = Debug|Any CPU
		{96FDFCF6-CF89-41A3-8720-064F8D193F80}.Debug|Any CPU.Build.0 = Debug|Any CPU
		{96FDFCF6-CF89-41A3-8720-064F8D193F80}.Release|Any CPU.ActiveCfg = Release|Any CPU
		{96FDFCF6-CF89-41A3-8720-064F8D193F80}.Release|Any CPU.Build.0 = Release|Any CPU
		{950009D1-1740-4C92-9FDA-0894026BE034}.Debug|Any CPU.ActiveCfg = Debug|Any CPU
		{950009D1-1740-4C92-9FDA-0894026BE034}.Debug|Any CPU.Build.0 = Debug|Any CPU
		{950009D1-1740-4C92-9FDA-0894026BE034}.Release|Any CPU.ActiveCfg = Release|Any CPU
		{950009D1-1740-4C92-9FDA-0894026BE034}.Release|Any CPU.Build.0 = Release|Any CPU
		{08B7FEA1-7F66-425D-B82D-11CDDD00F856}.Debug|Any CPU.ActiveCfg = Debug|Any CPU
		{08B7FEA1-7F66-425D-B82D-11CDDD00F856}.Debug|Any CPU.Build.0 = Debug|Any CPU
		{08B7FEA1-7F66-425D-B82D-11CDDD00F856}.Release|Any CPU.ActiveCfg = Release|Any CPU
		{08B7FEA1-7F66-425D-B82D-11CDDD00F856}.Release|Any CPU.Build.0 = Release|Any CPU
		{6B9679A5-EECD-4A8B-A40D-3B0A78F077ED}.Debug|Any CPU.ActiveCfg = Debug|Any CPU
		{6B9679A5-EECD-4A8B-A40D-3B0A78F077ED}.Debug|Any CPU.Build.0 = Debug|Any CPU
		{6B9679A5-EECD-4A8B-A40D-3B0A78F077ED}.Release|Any CPU.ActiveCfg = Release|Any CPU
		{6B9679A5-EECD-4A8B-A40D-3B0A78F077ED}.Release|Any CPU.Build.0 = Release|Any CPU
		{931CA9CF-7C43-47DC-A1B6-F0305FB44A24}.Debug|Any CPU.ActiveCfg = Debug|Any CPU
		{931CA9CF-7C43-47DC-A1B6-F0305FB44A24}.Debug|Any CPU.Build.0 = Debug|Any CPU
		{931CA9CF-7C43-47DC-A1B6-F0305FB44A24}.Release|Any CPU.ActiveCfg = Release|Any CPU
		{931CA9CF-7C43-47DC-A1B6-F0305FB44A24}.Release|Any CPU.Build.0 = Release|Any CPU
	EndGlobalSection
	GlobalSection(SolutionProperties) = preSolution
		HideSolutionNode = FALSE
	EndGlobalSection
	GlobalSection(NestedProjects) = preSolution
		{6EB7409D-6C8A-4FD6-B233-FF7E82762C06} = {B01DBF5B-474D-4CA0-ABC9-B14C860FC206}
		{E8D0C037-467F-4D11-808C-BBDC02425307} = {B01DBF5B-474D-4CA0-ABC9-B14C860FC206}
		{86C6B8CE-1A4D-4161-90C3-7479DE4C7B40} = {1358CA34-86B7-4A91-B406-4DC56BBF8C39}
		{372DCBD3-F326-4F2A-989A-D3ECC160755E} = {1358CA34-86B7-4A91-B406-4DC56BBF8C39}
		{4691FEE7-8D9E-466A-B08A-A47DAC36D958} = {1358CA34-86B7-4A91-B406-4DC56BBF8C39}
		{312985E2-70CD-43E5-A25D-3F7C4F73849F} = {A7B9B927-82BE-4E31-AECC-85E1BC1BD186}
		{96FDFCF6-CF89-41A3-8720-064F8D193F80} = {A7B9B927-82BE-4E31-AECC-85E1BC1BD186}
		{950009D1-1740-4C92-9FDA-0894026BE034} = {8ED12BFC-0171-4620-9B8E-F1146722AF4C}
		{08B7FEA1-7F66-425D-B82D-11CDDD00F856} = {8ED12BFC-0171-4620-9B8E-F1146722AF4C}
		{6B9679A5-EECD-4A8B-A40D-3B0A78F077ED} = {8ED12BFC-0171-4620-9B8E-F1146722AF4C}
		{931CA9CF-7C43-47DC-A1B6-F0305FB44A24} = {8ED12BFC-0171-4620-9B8E-F1146722AF4C}
	EndGlobalSection
	GlobalSection(ExtensibilityGlobals) = postSolution
		SolutionGuid = {9250E86D-E59D-41FC-B4AA-9F99A1725045}
	EndGlobalSection
EndGlobal
